<?xml version="1.0" encoding="UTF-8"?>
<CodeBlocks_project_file>
	<FileVersion major="1" minor="6"/>
	<Project>
		<Option title="Project"/>
		<Option makefile_is_custom="1"/>
		<Option compiler="gcc"/>
		<Option virtualFolders="CMake Files\;"/>
		<Build>
			<Target title="all">
				<Option working_dir="/home/ynakanishi/workspace/design_patern"/>
				<Option type="4"/>
				<MakeCommands>
					<Build command="/usr/bin/make -f &quot;/home/ynakanishi/workspace/design_patern/Makefile&quot;  VERBOSE=1 all"/>
					<CompileFile command="/usr/bin/make -f &quot;/home/ynakanishi/workspace/design_patern/Makefile&quot;  VERBOSE=1 &quot;$file&quot;"/>
					<Clean command="/usr/bin/make -f &quot;/home/ynakanishi/workspace/design_patern/Makefile&quot;  VERBOSE=1 clean"/>
					<DistClean command="/usr/bin/make -f &quot;/home/ynakanishi/workspace/design_patern/Makefile&quot;  VERBOSE=1 clean"/>
				</MakeCommands>
			</Target>
			<Target title="rebuild_cache">
				<Option working_dir="/home/ynakanishi/workspace/design_patern"/>
				<Option type="4"/>
				<MakeCommands>
					<Build command="/usr/bin/make -f &quot;/home/ynakanishi/workspace/design_patern/Makefile&quot;  VERBOSE=1 rebuild_cache"/>
					<CompileFile command="/usr/bin/make -f &quot;/home/ynakanishi/workspace/design_patern/Makefile&quot;  VERBOSE=1 &quot;$file&quot;"/>
					<Clean command="/usr/bin/make -f &quot;/home/ynakanishi/workspace/design_patern/Makefile&quot;  VERBOSE=1 clean"/>
					<DistClean command="/usr/bin/make -f &quot;/home/ynakanishi/workspace/design_patern/Makefile&quot;  VERBOSE=1 clean"/>
				</MakeCommands>
			</Target>
			<Target title="composite">
				<Option output="/home/ynakanishi/workspace/design_patern/composite" prefix_auto="0" extension_auto="0"/>
				<Option working_dir="/home/ynakanishi/workspace/design_patern"/>
				<Option object_output="./"/>
				<Option type="1"/>
				<Option compiler="gcc"/>
				<Compiler/>
				<MakeCommands>
					<Build command="/usr/bin/make -f &quot;/home/ynakanishi/workspace/design_patern/Makefile&quot;  VERBOSE=1 composite"/>
					<CompileFile command="/usr/bin/make -f &quot;/home/ynakanishi/workspace/design_patern/Makefile&quot;  VERBOSE=1 &quot;$file&quot;"/>
					<Clean command="/usr/bin/make -f &quot;/home/ynakanishi/workspace/design_patern/Makefile&quot;  VERBOSE=1 clean"/>
					<DistClean command="/usr/bin/make -f &quot;/home/ynakanishi/workspace/design_patern/Makefile&quot;  VERBOSE=1 clean"/>
				</MakeCommands>
			</Target>
			<Target title="composite/fast">
				<Option output="/home/ynakanishi/workspace/design_patern/composite" prefix_auto="0" extension_auto="0"/>
				<Option working_dir="/home/ynakanishi/workspace/design_patern"/>
				<Option object_output="./"/>
				<Option type="1"/>
				<Option compiler="gcc"/>
				<Compiler/>
				<MakeCommands>
					<Build command="/usr/bin/make -f &quot;/home/ynakanishi/workspace/design_patern/Makefile&quot;  VERBOSE=1 composite/fast"/>
					<CompileFile command="/usr/bin/make -f &quot;/home/ynakanishi/workspace/design_patern/Makefile&quot;  VERBOSE=1 &quot;$file&quot;"/>
					<Clean command="/usr/bin/make -f &quot;/home/ynakanishi/workspace/design_patern/Makefile&quot;  VERBOSE=1 clean"/>
					<DistClean command="/usr/bin/make -f &quot;/home/ynakanishi/workspace/design_patern/Makefile&quot;  VERBOSE=1 clean"/>
				</MakeCommands>
			</Target>
			<Target title="edit_cache">
				<Option working_dir="/home/ynakanishi/workspace/design_patern"/>
				<Option type="4"/>
				<MakeCommands>
					<Build command="/usr/bin/make -f &quot;/home/ynakanishi/workspace/design_patern/Makefile&quot;  VERBOSE=1 edit_cache"/>
					<CompileFile command="/usr/bin/make -f &quot;/home/ynakanishi/workspace/design_patern/Makefile&quot;  VERBOSE=1 &quot;$file&quot;"/>
					<Clean command="/usr/bin/make -f &quot;/home/ynakanishi/workspace/design_patern/Makefile&quot;  VERBOSE=1 clean"/>
					<DistClean command="/usr/bin/make -f &quot;/home/ynakanishi/workspace/design_patern/Makefile&quot;  VERBOSE=1 clean"/>
				</MakeCommands>
			</Target>
		</Build>
		<Unit filename="/home/ynakanishi/workspace/design_patern/inc/composite.h">
			<Option target="composite"/>
		</Unit>
		<Unit filename="/home/ynakanishi/workspace/design_patern/src/composite.cpp">
			<Option target="composite"/>
		</Unit>
		<Unit filename="/home/ynakanishi/workspace/design_patern/CMakeLists.txt">
			<Option virtualFolder="CMake Files\"/>
		</Unit>
	</Project>
</CodeBlocks_project_file>
